
Microsoft Visual Studio Solution File, Format Version 12.00
# Visual Studio Version 17
VisualStudioVersion = 17.14.36401.2 d17.14
MinimumVisualStudioVersion = 10.0.40219.1
Project("{FAE04EC0-301F-11D3-BF4B-00C04F79EFBC}") = "page 213,ex4", "page 213,ex4\page 213,ex4.csproj", "{90A02DBF-6C82-4D47-8C77-5C0E5C57D2B8}"
EndProject
Global
	GlobalSection(SolutionConfigurationPlatforms) = preSolution
		Debug|Any CPU = Debug|Any CPU
		Release|Any CPU = Release|Any CPU
	EndGlobalSection
	GlobalSection(ProjectConfigurationPlatforms) = postSolution
		{90A02DBF-6C82-4D47-8C77-5C0E5C57D2B8}.Debug|Any CPU.ActiveCfg = Debug|Any CPU
		{90A02DBF-6C82-4D47-8C77-5C0E5C57D2B8}.Debug|Any CPU.Build.0 = Debug|Any CPU
		{90A02DBF-6C82-4D47-8C77-5C0E5C57D2B8}.Release|Any CPU.ActiveCfg = Release|Any CPU
		{90A02DBF-6C82-4D47-8C77-5C0E5C57D2B8}.Release|Any CPU.Build.0 = Release|Any CPU
	EndGlobalSection
	GlobalSection(SolutionProperties) = preSolution
		HideSolutionNode = FALSE
	EndGlobalSection
	GlobalSection(ExtensibilityGlobals) = postSolution
		SolutionGuid = {34B95D14-29CD-4861-9B14-5634211DB3E7}
	EndGlobalSection
EndGlobal
