
Microsoft Visual Studio Solution File, Format Version 12.00
# Visual Studio Version 17
VisualStudioVersion = 17.14.36401.2 d17.14
MinimumVisualStudioVersion = 10.0.40219.1
Project("{FAE04EC0-301F-11D3-BF4B-00C04F79EFBC}") = "page 131,ex3", "page 131,ex3\page 131,ex3.csproj", "{14533D96-C362-47EF-BC28-3D2F73EB0C9D}"
EndProject
Global
	GlobalSection(SolutionConfigurationPlatforms) = preSolution
		Debug|Any CPU = Debug|Any CPU
		Release|Any CPU = Release|Any CPU
	EndGlobalSection
	GlobalSection(ProjectConfigurationPlatforms) = postSolution
		{14533D96-C362-47EF-BC28-3D2F73EB0C9D}.Debug|Any CPU.ActiveCfg = Debug|Any CPU
		{14533D96-C362-47EF-BC28-3D2F73EB0C9D}.Debug|Any CPU.Build.0 = Debug|Any CPU
		{14533D96-C362-47EF-BC28-3D2F73EB0C9D}.Release|Any CPU.ActiveCfg = Release|Any CPU
		{14533D96-C362-47EF-BC28-3D2F73EB0C9D}.Release|Any CPU.Build.0 = Release|Any CPU
	EndGlobalSection
	GlobalSection(SolutionProperties) = preSolution
		HideSolutionNode = FALSE
	EndGlobalSection
	GlobalSection(ExtensibilityGlobals) = postSolution
		SolutionGuid = {7FFFD0C6-2807-4EF2-A73D-A9B5C4E879F7}
	EndGlobalSection
EndGlobal
