
Microsoft Visual Studio Solution File, Format Version 12.00
# Visual Studio Version 17
VisualStudioVersion = 17.14.36401.2 d17.14
MinimumVisualStudioVersion = 10.0.40219.1
Project("{FAE04EC0-301F-11D3-BF4B-00C04F79EFBC}") = "LoginDemo", "LoginDemo\LoginDemo.csproj", "{F8C52E8D-CB01-47C0-A4A7-7CA183BE093E}"
EndProject
Global
	GlobalSection(SolutionConfigurationPlatforms) = preSolution
		Debug|Any CPU = Debug|Any CPU
		Release|Any CPU = Release|Any CPU
	EndGlobalSection
	GlobalSection(ProjectConfigurationPlatforms) = postSolution
		{F8C52E8D-CB01-47C0-A4A7-7CA183BE093E}.Debug|Any CPU.ActiveCfg = Debug|Any CPU
		{F8C52E8D-CB01-47C0-A4A7-7CA183BE093E}.Debug|Any CPU.Build.0 = Debug|Any CPU
		{F8C52E8D-CB01-47C0-A4A7-7CA183BE093E}.Release|Any CPU.ActiveCfg = Release|Any CPU
		{F8C52E8D-CB01-47C0-A4A7-7CA183BE093E}.Release|Any CPU.Build.0 = Release|Any CPU
	EndGlobalSection
	GlobalSection(SolutionProperties) = preSolution
		HideSolutionNode = FALSE
	EndGlobalSection
	GlobalSection(ExtensibilityGlobals) = postSolution
		SolutionGuid = {C1EC21D0-782B-4147-A97F-5404BDBEF3FA}
	EndGlobalSection
EndGlobal
