
Microsoft Visual Studio Solution File, Format Version 12.00
# Visual Studio Version 17
VisualStudioVersion = 17.14.36401.2 d17.14
MinimumVisualStudioVersion = 10.0.40219.1
Project("{FAE04EC0-301F-11D3-BF4B-00C04F79EFBC}") = "Tutorial2_4", "Tutorial2_4\Tutorial2_4.csproj", "{AFA382C3-81B3-4ED3-B424-787DBF6B21B1}"
EndProject
Global
	GlobalSection(SolutionConfigurationPlatforms) = preSolution
		Debug|Any CPU = Debug|Any CPU
		Release|Any CPU = Release|Any CPU
	EndGlobalSection
	GlobalSection(ProjectConfigurationPlatforms) = postSolution
		{AFA382C3-81B3-4ED3-B424-787DBF6B21B1}.Debug|Any CPU.ActiveCfg = Debug|Any CPU
		{AFA382C3-81B3-4ED3-B424-787DBF6B21B1}.Debug|Any CPU.Build.0 = Debug|Any CPU
		{AFA382C3-81B3-4ED3-B424-787DBF6B21B1}.Release|Any CPU.ActiveCfg = Release|Any CPU
		{AFA382C3-81B3-4ED3-B424-787DBF6B21B1}.Release|Any CPU.Build.0 = Release|Any CPU
	EndGlobalSection
	GlobalSection(SolutionProperties) = preSolution
		HideSolutionNode = FALSE
	EndGlobalSection
	GlobalSection(ExtensibilityGlobals) = postSolution
		SolutionGuid = {D0EDA9FC-B598-429F-A668-2C8E878FE30B}
	EndGlobalSection
EndGlobal
